
Microsoft Visual Studio Solution File, Format Version 12.00
# Visual Studio Version 16
VisualStudioVersion = 16.0.31005.135
MinimumVisualStudioVersion = 10.0.40219.1
Project("{2150E333-8FDC-42A3-9474-1A3956D46DE8}") = "Services", "Services", "{F74AF787-5F89-4099-B55C-9726D6997364}"
EndProject
Project("{2150E333-8FDC-42A3-9474-1A3956D46DE8}") = "UserService", "UserService", "{CE5FBAD4-AB4C-418D-954A-B2B590CA376F}"
EndProject
Project("{FAE04EC0-301F-11D3-BF4B-00C04F79EFBC}") = "PhoneDirectoryApp.DataAccess", "PhoneDirectoryApp.DataAccess\PhoneDirectoryApp.DataAccess.csproj", "{441685BD-7EA0-4DB1-8D6C-312A28DADD07}"
EndProject
Project("{FAE04EC0-301F-11D3-BF4B-00C04F79EFBC}") = "PhoneDirectoryApp.Core", "PhoneDirectoryApp.Core\PhoneDirectoryApp.Core.csproj", "{ACCAF0FB-74F5-415F-9CCD-8DCC24141002}"
EndProject
Project("{FAE04EC0-301F-11D3-BF4B-00C04F79EFBC}") = "PhoneDirectoryApp.API", "PhoneDirectoryApp.API\PhoneDirectoryApp.API.csproj", "{6D11721D-F427-4AE9-BCA5-3899CB0983F0}"
EndProject
Project("{2150E333-8FDC-42A3-9474-1A3956D46DE8}") = "ReportService", "ReportService", "{A1C5E202-FA3F-47C4-8E82-27D42BB9E4C1}"
EndProject
Project("{FAE04EC0-301F-11D3-BF4B-00C04F79EFBC}") = "PhoneDirectoryApp.ReportData", "PhoneDirectoryApp.ReportData\PhoneDirectoryApp.ReportData.csproj", "{D5C718EE-9778-44AE-AD68-4A6EA71791D0}"
EndProject
Project("{FAE04EC0-301F-11D3-BF4B-00C04F79EFBC}") = "PhoneDirectoryApp.ReportCore", "PhoneDirectoryApp.ReportCore\PhoneDirectoryApp.ReportCore.csproj", "{DE1692CD-5D33-484D-87F6-000E797B0199}"
EndProject
Project("{FAE04EC0-301F-11D3-BF4B-00C04F79EFBC}") = "PhoneDirectoryApp.ReportAPI", "PhoneDirectoryApp.ReportAPI\PhoneDirectoryApp.ReportAPI.csproj", "{AA4FC094-528D-4731-BDDA-71AFB276E6BF}"
EndProject
Global
	GlobalSection(SolutionConfigurationPlatforms) = preSolution
		Debug|Any CPU = Debug|Any CPU
		Release|Any CPU = Release|Any CPU
	EndGlobalSection
	GlobalSection(ProjectConfigurationPlatforms) = postSolution
		{441685BD-7EA0-4DB1-8D6C-312A28DADD07}.Debug|Any CPU.ActiveCfg = Debug|Any CPU
		{441685BD-7EA0-4DB1-8D6C-312A28DADD07}.Debug|Any CPU.Build.0 = Debug|Any CPU
		{441685BD-7EA0-4DB1-8D6C-312A28DADD07}.Release|Any CPU.ActiveCfg = Release|Any CPU
		{441685BD-7EA0-4DB1-8D6C-312A28DADD07}.Release|Any CPU.Build.0 = Release|Any CPU
		{ACCAF0FB-74F5-415F-9CCD-8DCC24141002}.Debug|Any CPU.ActiveCfg = Debug|Any CPU
		{ACCAF0FB-74F5-415F-9CCD-8DCC24141002}.Debug|Any CPU.Build.0 = Debug|Any CPU
		{ACCAF0FB-74F5-415F-9CCD-8DCC24141002}.Release|Any CPU.ActiveCfg = Release|Any CPU
		{ACCAF0FB-74F5-415F-9CCD-8DCC24141002}.Release|Any CPU.Build.0 = Release|Any CPU
		{6D11721D-F427-4AE9-BCA5-3899CB0983F0}.Debug|Any CPU.ActiveCfg = Debug|Any CPU
		{6D11721D-F427-4AE9-BCA5-3899CB0983F0}.Debug|Any CPU.Build.0 = Debug|Any CPU
		{6D11721D-F427-4AE9-BCA5-3899CB0983F0}.Release|Any CPU.ActiveCfg = Release|Any CPU
		{6D11721D-F427-4AE9-BCA5-3899CB0983F0}.Release|Any CPU.Build.0 = Release|Any CPU
		{D5C718EE-9778-44AE-AD68-4A6EA71791D0}.Debug|Any CPU.ActiveCfg = Debug|Any CPU
		{D5C718EE-9778-44AE-AD68-4A6EA71791D0}.Debug|Any CPU.Build.0 = Debug|Any CPU
		{D5C718EE-9778-44AE-AD68-4A6EA71791D0}.Release|Any CPU.ActiveCfg = Release|Any CPU
		{D5C718EE-9778-44AE-AD68-4A6EA71791D0}.Release|Any CPU.Build.0 = Release|Any CPU
		{DE1692CD-5D33-484D-87F6-000E797B0199}.Debug|Any CPU.ActiveCfg = Debug|Any CPU
		{DE1692CD-5D33-484D-87F6-000E797B0199}.Debug|Any CPU.Build.0 = Debug|Any CPU
		{DE1692CD-5D33-484D-87F6-000E797B0199}.Release|Any CPU.ActiveCfg = Release|Any CPU
		{DE1692CD-5D33-484D-87F6-000E797B0199}.Release|Any CPU.Build.0 = Release|Any CPU
		{AA4FC094-528D-4731-BDDA-71AFB276E6BF}.Debug|Any CPU.ActiveCfg = Debug|Any CPU
		{AA4FC094-528D-4731-BDDA-71AFB276E6BF}.Debug|Any CPU.Build.0 = Debug|Any CPU
		{AA4FC094-528D-4731-BDDA-71AFB276E6BF}.Release|Any CPU.ActiveCfg = Release|Any CPU
		{AA4FC094-528D-4731-BDDA-71AFB276E6BF}.Release|Any CPU.Build.0 = Release|Any CPU
	EndGlobalSection
	GlobalSection(SolutionProperties) = preSolution
		HideSolutionNode = FALSE
	EndGlobalSection
	GlobalSection(NestedProjects) = preSolution
		{CE5FBAD4-AB4C-418D-954A-B2B590CA376F} = {F74AF787-5F89-4099-B55C-9726D6997364}
		{441685BD-7EA0-4DB1-8D6C-312A28DADD07} = {CE5FBAD4-AB4C-418D-954A-B2B590CA376F}
		{ACCAF0FB-74F5-415F-9CCD-8DCC24141002} = {CE5FBAD4-AB4C-418D-954A-B2B590CA376F}
		{6D11721D-F427-4AE9-BCA5-3899CB0983F0} = {CE5FBAD4-AB4C-418D-954A-B2B590CA376F}
		{A1C5E202-FA3F-47C4-8E82-27D42BB9E4C1} = {F74AF787-5F89-4099-B55C-9726D6997364}
		{D5C718EE-9778-44AE-AD68-4A6EA71791D0} = {A1C5E202-FA3F-47C4-8E82-27D42BB9E4C1}
		{DE1692CD-5D33-484D-87F6-000E797B0199} = {A1C5E202-FA3F-47C4-8E82-27D42BB9E4C1}
		{AA4FC094-528D-4731-BDDA-71AFB276E6BF} = {A1C5E202-FA3F-47C4-8E82-27D42BB9E4C1}
	EndGlobalSection
	GlobalSection(ExtensibilityGlobals) = postSolution
		SolutionGuid = {EDA1011C-EB72-4F92-90CD-DD0029FF3659}
	EndGlobalSection
EndGlobal
