
Microsoft Visual Studio Solution File, Format Version 12.00
# Visual Studio Version 16
VisualStudioVersion = 16.0.31005.135
MinimumVisualStudioVersion = 10.0.40219.1
Project("{2150E333-8FDC-42A3-9474-1A3956D46DE8}") = "Services", "Services", "{F74AF787-5F89-4099-B55C-9726D6997364}"
EndProject
Project("{2150E333-8FDC-42A3-9474-1A3956D46DE8}") = "UserService", "UserService", "{CE5FBAD4-AB4C-418D-954A-B2B590CA376F}"
EndProject
Project("{FAE04EC0-301F-11D3-BF4B-00C04F79EFBC}") = "PhoneDirectoryApp.DataAccess", "PhoneDirectoryApp.DataAccess\PhoneDirectoryApp.DataAccess.csproj", "{441685BD-7EA0-4DB1-8D6C-312A28DADD07}"
EndProject
Project("{FAE04EC0-301F-11D3-BF4B-00C04F79EFBC}") = "PhoneDirectoryApp.Core", "PhoneDirectoryApp.Core\PhoneDirectoryApp.Core.csproj", "{ACCAF0FB-74F5-415F-9CCD-8DCC24141002}"
EndProject
Project("{FAE04EC0-301F-11D3-BF4B-00C04F79EFBC}") = "PhoneDirectoryApp.API", "PhoneDirectoryApp.API\PhoneDirectoryApp.API.csproj", "{6D11721D-F427-4AE9-BCA5-3899CB0983F0}"
EndProject
Project("{2150E333-8FDC-42A3-9474-1A3956D46DE8}") = "ReportService", "ReportService", "{A1C5E202-FA3F-47C4-8E82-27D42BB9E4C1}"
EndProject
Project("{FAE04EC0-301F-11D3-BF4B-00C04F79EFBC}") = "PhoneDirectoryApp.ReportData", "PhoneDirectoryApp.ReportData\PhoneDirectoryApp.ReportData.csproj", "{D5C718EE-9778-44AE-AD68-4A6EA71791D0}"
EndProject
Project("{FAE04EC0-301F-11D3-BF4B-00C04F79EFBC}") = "PhoneDirectoryApp.ReportCore", "PhoneDirectoryApp.ReportCore\PhoneDirectoryApp.ReportCore.csproj", "{DE1692CD-5D33-484D-87F6-000E797B0199}"
EndProject
Project("{FAE04EC0-301F-11D3-BF4B-00C04F79EFBC}") = "PhoneDirectoryApp.ReportAPI", "PhoneDirectoryApp.ReportAPI\PhoneDirectoryApp.ReportAPI.csproj", "{AA4FC094-528D-4731-BDDA-71AFB276E6BF}"
EndProject
Project("{2150E333-8FDC-42A3-9474-1A3956D46DE8}") = "UI", "UI", "{F451A655-2E59-44AB-86C5-0B86E7FDB05A}"
EndProject
Project("{FAE04EC0-301F-11D3-BF4B-00C04F79EFBC}") = "PhoneDirectoryApp.UI", "PhoneDirectoryApp.UI\PhoneDirectoryApp.UI.csproj", "{684D49E6-DDAF-4954-88C1-DE56266D7B8A}"
EndProject
Project("{2150E333-8FDC-42A3-9474-1A3956D46DE8}") = "APIGateway", "APIGateway", "{586B3880-ED1D-4112-BCA1-CF83DC3134B8}"
EndProject
Project("{FAE04EC0-301F-11D3-BF4B-00C04F79EFBC}") = "PhoneDirectoryApp.APIGateway", "PhoneDirectoryApp.APIGateway\PhoneDirectoryApp.APIGateway.csproj", "{DE24FC23-159D-45CB-AEE1-C5A4F41FB1BC}"
EndProject
Project("{2150E333-8FDC-42A3-9474-1A3956D46DE8}") = "EventBus", "EventBus", "{7F4D605B-D4E6-4343-A0E6-1DB2741BB8CB}"
EndProject
Project("{FAE04EC0-301F-11D3-BF4B-00C04F79EFBC}") = "PhoneDirectoryApp.MessageContracts", "PhoneDirectoryApp.MessageContracts\PhoneDirectoryApp.MessageContracts.csproj", "{87CECF77-8769-4B91-A94D-123876188354}"
EndProject
Project("{FAE04EC0-301F-11D3-BF4B-00C04F79EFBC}") = "PhoneDirectoryApp.Registration", "PhoneDirectoryApp.Registration\PhoneDirectoryApp.Registration.csproj", "{EE225B25-D643-4DDB-B0A5-C049F636C4AE}"
EndProject
Global
	GlobalSection(SolutionConfigurationPlatforms) = preSolution
		Debug|Any CPU = Debug|Any CPU
		Release|Any CPU = Release|Any CPU
	EndGlobalSection
	GlobalSection(ProjectConfigurationPlatforms) = postSolution
		{441685BD-7EA0-4DB1-8D6C-312A28DADD07}.Debug|Any CPU.ActiveCfg = Debug|Any CPU
		{441685BD-7EA0-4DB1-8D6C-312A28DADD07}.Debug|Any CPU.Build.0 = Debug|Any CPU
		{441685BD-7EA0-4DB1-8D6C-312A28DADD07}.Release|Any CPU.ActiveCfg = Release|Any CPU
		{441685BD-7EA0-4DB1-8D6C-312A28DADD07}.Release|Any CPU.Build.0 = Release|Any CPU
		{ACCAF0FB-74F5-415F-9CCD-8DCC24141002}.Debug|Any CPU.ActiveCfg = Debug|Any CPU
		{ACCAF0FB-74F5-415F-9CCD-8DCC24141002}.Debug|Any CPU.Build.0 = Debug|Any CPU
		{ACCAF0FB-74F5-415F-9CCD-8DCC24141002}.Release|Any CPU.ActiveCfg = Release|Any CPU
		{ACCAF0FB-74F5-415F-9CCD-8DCC24141002}.Release|Any CPU.Build.0 = Release|Any CPU
		{6D11721D-F427-4AE9-BCA5-3899CB0983F0}.Debug|Any CPU.ActiveCfg = Debug|Any CPU
		{6D11721D-F427-4AE9-BCA5-3899CB0983F0}.Debug|Any CPU.Build.0 = Debug|Any CPU
		{6D11721D-F427-4AE9-BCA5-3899CB0983F0}.Release|Any CPU.ActiveCfg = Release|Any CPU
		{6D11721D-F427-4AE9-BCA5-3899CB0983F0}.Release|Any CPU.Build.0 = Release|Any CPU
		{D5C718EE-9778-44AE-AD68-4A6EA71791D0}.Debug|Any CPU.ActiveCfg = Debug|Any CPU
		{D5C718EE-9778-44AE-AD68-4A6EA71791D0}.Debug|Any CPU.Build.0 = Debug|Any CPU
		{D5C718EE-9778-44AE-AD68-4A6EA71791D0}.Release|Any CPU.ActiveCfg = Release|Any CPU
		{D5C718EE-9778-44AE-AD68-4A6EA71791D0}.Release|Any CPU.Build.0 = Release|Any CPU
		{DE1692CD-5D33-484D-87F6-000E797B0199}.Debug|Any CPU.ActiveCfg = Debug|Any CPU
		{DE1692CD-5D33-484D-87F6-000E797B0199}.Debug|Any CPU.Build.0 = Debug|Any CPU
		{DE1692CD-5D33-484D-87F6-000E797B0199}.Release|Any CPU.ActiveCfg = Release|Any CPU
		{DE1692CD-5D33-484D-87F6-000E797B0199}.Release|Any CPU.Build.0 = Release|Any CPU
		{AA4FC094-528D-4731-BDDA-71AFB276E6BF}.Debug|Any CPU.ActiveCfg = Debug|Any CPU
		{AA4FC094-528D-4731-BDDA-71AFB276E6BF}.Debug|Any CPU.Build.0 = Debug|Any CPU
		{AA4FC094-528D-4731-BDDA-71AFB276E6BF}.Release|Any CPU.ActiveCfg = Release|Any CPU
		{AA4FC094-528D-4731-BDDA-71AFB276E6BF}.Release|Any CPU.Build.0 = Release|Any CPU
		{684D49E6-DDAF-4954-88C1-DE56266D7B8A}.Debug|Any CPU.ActiveCfg = Debug|Any CPU
		{684D49E6-DDAF-4954-88C1-DE56266D7B8A}.Debug|Any CPU.Build.0 = Debug|Any CPU
		{684D49E6-DDAF-4954-88C1-DE56266D7B8A}.Release|Any CPU.ActiveCfg = Release|Any CPU
		{684D49E6-DDAF-4954-88C1-DE56266D7B8A}.Release|Any CPU.Build.0 = Release|Any CPU
		{DE24FC23-159D-45CB-AEE1-C5A4F41FB1BC}.Debug|Any CPU.ActiveCfg = Debug|Any CPU
		{DE24FC23-159D-45CB-AEE1-C5A4F41FB1BC}.Debug|Any CPU.Build.0 = Debug|Any CPU
		{DE24FC23-159D-45CB-AEE1-C5A4F41FB1BC}.Release|Any CPU.ActiveCfg = Release|Any CPU
		{DE24FC23-159D-45CB-AEE1-C5A4F41FB1BC}.Release|Any CPU.Build.0 = Release|Any CPU
		{87CECF77-8769-4B91-A94D-123876188354}.Debug|Any CPU.ActiveCfg = Debug|Any CPU
		{87CECF77-8769-4B91-A94D-123876188354}.Debug|Any CPU.Build.0 = Debug|Any CPU
		{87CECF77-8769-4B91-A94D-123876188354}.Release|Any CPU.ActiveCfg = Release|Any CPU
		{87CECF77-8769-4B91-A94D-123876188354}.Release|Any CPU.Build.0 = Release|Any CPU
		{EE225B25-D643-4DDB-B0A5-C049F636C4AE}.Debug|Any CPU.ActiveCfg = Debug|Any CPU
		{EE225B25-D643-4DDB-B0A5-C049F636C4AE}.Debug|Any CPU.Build.0 = Debug|Any CPU
		{EE225B25-D643-4DDB-B0A5-C049F636C4AE}.Release|Any CPU.ActiveCfg = Release|Any CPU
		{EE225B25-D643-4DDB-B0A5-C049F636C4AE}.Release|Any CPU.Build.0 = Release|Any CPU
	EndGlobalSection
	GlobalSection(SolutionProperties) = preSolution
		HideSolutionNode = FALSE
	EndGlobalSection
	GlobalSection(NestedProjects) = preSolution
		{CE5FBAD4-AB4C-418D-954A-B2B590CA376F} = {F74AF787-5F89-4099-B55C-9726D6997364}
		{441685BD-7EA0-4DB1-8D6C-312A28DADD07} = {CE5FBAD4-AB4C-418D-954A-B2B590CA376F}
		{ACCAF0FB-74F5-415F-9CCD-8DCC24141002} = {CE5FBAD4-AB4C-418D-954A-B2B590CA376F}
		{6D11721D-F427-4AE9-BCA5-3899CB0983F0} = {CE5FBAD4-AB4C-418D-954A-B2B590CA376F}
		{A1C5E202-FA3F-47C4-8E82-27D42BB9E4C1} = {F74AF787-5F89-4099-B55C-9726D6997364}
		{D5C718EE-9778-44AE-AD68-4A6EA71791D0} = {A1C5E202-FA3F-47C4-8E82-27D42BB9E4C1}
		{DE1692CD-5D33-484D-87F6-000E797B0199} = {A1C5E202-FA3F-47C4-8E82-27D42BB9E4C1}
		{AA4FC094-528D-4731-BDDA-71AFB276E6BF} = {A1C5E202-FA3F-47C4-8E82-27D42BB9E4C1}
		{684D49E6-DDAF-4954-88C1-DE56266D7B8A} = {F451A655-2E59-44AB-86C5-0B86E7FDB05A}
		{DE24FC23-159D-45CB-AEE1-C5A4F41FB1BC} = {586B3880-ED1D-4112-BCA1-CF83DC3134B8}
		{87CECF77-8769-4B91-A94D-123876188354} = {7F4D605B-D4E6-4343-A0E6-1DB2741BB8CB}
		{EE225B25-D643-4DDB-B0A5-C049F636C4AE} = {7F4D605B-D4E6-4343-A0E6-1DB2741BB8CB}
	EndGlobalSection
	GlobalSection(ExtensibilityGlobals) = postSolution
		SolutionGuid = {EDA1011C-EB72-4F92-90CD-DD0029FF3659}
	EndGlobalSection
EndGlobal
